
Microsoft Visual Studio Solution File, Format Version 11.00
# Visual Studio 2010
Project("{FAE04EC0-301F-11D3-BF4B-00C04F79EFBC}") = "Eleooo.Web", "Eleooo\Web\Eleooo.Web.csproj", "{DD7A5E37-1EC0-4298-82BC-C0EAD2B03A25}"
EndProject
Project("{FAE04EC0-301F-11D3-BF4B-00C04F79EFBC}") = "Eleooo.DAL", "Eleooo\DAL\Eleooo.DAL.csproj", "{129F53F8-1B36-4D24-8007-EAE13842AE54}"
EndProject
Project("{FAE04EC0-301F-11D3-BF4B-00C04F79EFBC}") = "SubSonic", "SubSonic\SubSonic.csproj", "{EE4A10E7-92C3-4EAC-B6DF-5DA1C26F4D1D}"
EndProject
Project("{FAE04EC0-301F-11D3-BF4B-00C04F79EFBC}") = "Eleooo.Client", "Eleooo\Client\Eleooo.Client.csproj", "{2D70548E-EAFD-43B9-849E-14B1DF218341}"
EndProject
Project("{2150E333-8FDC-42A3-9474-1A3956D46DE8}") = "Library", "Library", "{888298E7-81D1-417F-B457-495772CAB7BB}"
	ProjectSection(SolutionItems) = preProject
		Library\Interop.DAO.dll = Library\Interop.DAO.dll
		Library\Interop.FingerActivex.dll = Library\Interop.FingerActivex.dll
		Library\Microsoft.Practices.EnterpriseLibrary.Common.dll = Library\Microsoft.Practices.EnterpriseLibrary.Common.dll
		Library\Microsoft.Practices.EnterpriseLibrary.Data.dll = Library\Microsoft.Practices.EnterpriseLibrary.Data.dll
		Library\Microsoft.SqlServer.ConnectionInfo.dll = Library\Microsoft.SqlServer.ConnectionInfo.dll
		Library\Microsoft.SqlServer.Management.Sdk.Sfc.dll = Library\Microsoft.SqlServer.Management.Sdk.Sfc.dll
		Library\Microsoft.SqlServer.Smo.dll = Library\Microsoft.SqlServer.Smo.dll
		Library\Microsoft.SqlServer.SmoExtended.dll = Library\Microsoft.SqlServer.SmoExtended.dll
		Library\MySql.Data.dll = Library\MySql.Data.dll
		Library\System.Data.SQLite.dll = Library\System.Data.SQLite.dll
		Library\System.Data.SqlServerCe.dll = Library\System.Data.SqlServerCe.dll
	EndProjectSection
EndProject
Project("{FAE04EC0-301F-11D3-BF4B-00C04F79EFBC}") = "Eleooo.BLL", "Eleooo\BLL\Eleooo.BLL.csproj", "{46AF089A-474C-437A-BBD5-B72267D4A1F8}"
EndProject
Project("{FAE04EC0-301F-11D3-BF4B-00C04F79EFBC}") = "Eleooo.Common", "Eleooo\Common\Eleooo.Common.csproj", "{4D629A8A-366E-4A6B-8A87-18CDC7A64813}"
EndProject
Global
	GlobalSection(SolutionConfigurationPlatforms) = preSolution
		Debug (SQL Server Only)|Any CPU = Debug (SQL Server Only)|Any CPU
		Debug (SQL Server Only)|Mixed Platforms = Debug (SQL Server Only)|Mixed Platforms
		Debug (SQL Server Only)|x86 = Debug (SQL Server Only)|x86
		Debug|Any CPU = Debug|Any CPU
		Debug|Mixed Platforms = Debug|Mixed Platforms
		Debug|x86 = Debug|x86
		Release (SQL Server Only)|Any CPU = Release (SQL Server Only)|Any CPU
		Release (SQL Server Only)|Mixed Platforms = Release (SQL Server Only)|Mixed Platforms
		Release (SQL Server Only)|x86 = Release (SQL Server Only)|x86
		Release|Any CPU = Release|Any CPU
		Release|Mixed Platforms = Release|Mixed Platforms
		Release|x86 = Release|x86
	EndGlobalSection
	GlobalSection(ProjectConfigurationPlatforms) = postSolution
		{DD7A5E37-1EC0-4298-82BC-C0EAD2B03A25}.Debug (SQL Server Only)|Any CPU.ActiveCfg = Debug|Any CPU
		{DD7A5E37-1EC0-4298-82BC-C0EAD2B03A25}.Debug (SQL Server Only)|Any CPU.Build.0 = Debug|Any CPU
		{DD7A5E37-1EC0-4298-82BC-C0EAD2B03A25}.Debug (SQL Server Only)|Mixed Platforms.ActiveCfg = Debug|Any CPU
		{DD7A5E37-1EC0-4298-82BC-C0EAD2B03A25}.Debug (SQL Server Only)|Mixed Platforms.Build.0 = Debug|Any CPU
		{DD7A5E37-1EC0-4298-82BC-C0EAD2B03A25}.Debug (SQL Server Only)|x86.ActiveCfg = Debug|Any CPU
		{DD7A5E37-1EC0-4298-82BC-C0EAD2B03A25}.Debug|Any CPU.ActiveCfg = Debug|Any CPU
		{DD7A5E37-1EC0-4298-82BC-C0EAD2B03A25}.Debug|Any CPU.Build.0 = Debug|Any CPU
		{DD7A5E37-1EC0-4298-82BC-C0EAD2B03A25}.Debug|Mixed Platforms.ActiveCfg = Debug|Any CPU
		{DD7A5E37-1EC0-4298-82BC-C0EAD2B03A25}.Debug|Mixed Platforms.Build.0 = Debug|Any CPU
		{DD7A5E37-1EC0-4298-82BC-C0EAD2B03A25}.Debug|x86.ActiveCfg = Debug|Any CPU
		{DD7A5E37-1EC0-4298-82BC-C0EAD2B03A25}.Release (SQL Server Only)|Any CPU.ActiveCfg = Release|Any CPU
		{DD7A5E37-1EC0-4298-82BC-C0EAD2B03A25}.Release (SQL Server Only)|Any CPU.Build.0 = Release|Any CPU
		{DD7A5E37-1EC0-4298-82BC-C0EAD2B03A25}.Release (SQL Server Only)|Mixed Platforms.ActiveCfg = Release|Any CPU
		{DD7A5E37-1EC0-4298-82BC-C0EAD2B03A25}.Release (SQL Server Only)|Mixed Platforms.Build.0 = Release|Any CPU
		{DD7A5E37-1EC0-4298-82BC-C0EAD2B03A25}.Release (SQL Server Only)|x86.ActiveCfg = Release|Any CPU
		{DD7A5E37-1EC0-4298-82BC-C0EAD2B03A25}.Release|Any CPU.ActiveCfg = Release|Any CPU
		{DD7A5E37-1EC0-4298-82BC-C0EAD2B03A25}.Release|Any CPU.Build.0 = Release|Any CPU
		{DD7A5E37-1EC0-4298-82BC-C0EAD2B03A25}.Release|Mixed Platforms.ActiveCfg = Release|Any CPU
		{DD7A5E37-1EC0-4298-82BC-C0EAD2B03A25}.Release|Mixed Platforms.Build.0 = Release|Any CPU
		{DD7A5E37-1EC0-4298-82BC-C0EAD2B03A25}.Release|x86.ActiveCfg = Release|Any CPU
		{129F53F8-1B36-4D24-8007-EAE13842AE54}.Debug (SQL Server Only)|Any CPU.ActiveCfg = Debug|Any CPU
		{129F53F8-1B36-4D24-8007-EAE13842AE54}.Debug (SQL Server Only)|Any CPU.Build.0 = Debug|Any CPU
		{129F53F8-1B36-4D24-8007-EAE13842AE54}.Debug (SQL Server Only)|Mixed Platforms.ActiveCfg = Debug|Any CPU
		{129F53F8-1B36-4D24-8007-EAE13842AE54}.Debug (SQL Server Only)|Mixed Platforms.Build.0 = Debug|Any CPU
		{129F53F8-1B36-4D24-8007-EAE13842AE54}.Debug (SQL Server Only)|x86.ActiveCfg = Debug|Any CPU
		{129F53F8-1B36-4D24-8007-EAE13842AE54}.Debug|Any CPU.ActiveCfg = Debug|Any CPU
		{129F53F8-1B36-4D24-8007-EAE13842AE54}.Debug|Any CPU.Build.0 = Debug|Any CPU
		{129F53F8-1B36-4D24-8007-EAE13842AE54}.Debug|Mixed Platforms.ActiveCfg = Debug|Any CPU
		{129F53F8-1B36-4D24-8007-EAE13842AE54}.Debug|Mixed Platforms.Build.0 = Debug|Any CPU
		{129F53F8-1B36-4D24-8007-EAE13842AE54}.Debug|x86.ActiveCfg = Debug|Any CPU
		{129F53F8-1B36-4D24-8007-EAE13842AE54}.Release (SQL Server Only)|Any CPU.ActiveCfg = Release|Any CPU
		{129F53F8-1B36-4D24-8007-EAE13842AE54}.Release (SQL Server Only)|Any CPU.Build.0 = Release|Any CPU
		{129F53F8-1B36-4D24-8007-EAE13842AE54}.Release (SQL Server Only)|Mixed Platforms.ActiveCfg = Release|Any CPU
		{129F53F8-1B36-4D24-8007-EAE13842AE54}.Release (SQL Server Only)|Mixed Platforms.Build.0 = Release|Any CPU
		{129F53F8-1B36-4D24-8007-EAE13842AE54}.Release (SQL Server Only)|x86.ActiveCfg = Release|Any CPU
		{129F53F8-1B36-4D24-8007-EAE13842AE54}.Release|Any CPU.ActiveCfg = Release|Any CPU
		{129F53F8-1B36-4D24-8007-EAE13842AE54}.Release|Any CPU.Build.0 = Release|Any CPU
		{129F53F8-1B36-4D24-8007-EAE13842AE54}.Release|Mixed Platforms.ActiveCfg = Release|Any CPU
		{129F53F8-1B36-4D24-8007-EAE13842AE54}.Release|Mixed Platforms.Build.0 = Release|Any CPU
		{129F53F8-1B36-4D24-8007-EAE13842AE54}.Release|x86.ActiveCfg = Release|Any CPU
		{EE4A10E7-92C3-4EAC-B6DF-5DA1C26F4D1D}.Debug (SQL Server Only)|Any CPU.ActiveCfg = Debug (SQL Server Only)|Any CPU
		{EE4A10E7-92C3-4EAC-B6DF-5DA1C26F4D1D}.Debug (SQL Server Only)|Any CPU.Build.0 = Debug (SQL Server Only)|Any CPU
		{EE4A10E7-92C3-4EAC-B6DF-5DA1C26F4D1D}.Debug (SQL Server Only)|Mixed Platforms.ActiveCfg = Debug (SQL Server Only)|Any CPU
		{EE4A10E7-92C3-4EAC-B6DF-5DA1C26F4D1D}.Debug (SQL Server Only)|Mixed Platforms.Build.0 = Debug (SQL Server Only)|Any CPU
		{EE4A10E7-92C3-4EAC-B6DF-5DA1C26F4D1D}.Debug (SQL Server Only)|x86.ActiveCfg = Debug (SQL Server Only)|Any CPU
		{EE4A10E7-92C3-4EAC-B6DF-5DA1C26F4D1D}.Debug|Any CPU.ActiveCfg = Debug|Any CPU
		{EE4A10E7-92C3-4EAC-B6DF-5DA1C26F4D1D}.Debug|Any CPU.Build.0 = Debug|Any CPU
		{EE4A10E7-92C3-4EAC-B6DF-5DA1C26F4D1D}.Debug|Mixed Platforms.ActiveCfg = Debug|Any CPU
		{EE4A10E7-92C3-4EAC-B6DF-5DA1C26F4D1D}.Debug|Mixed Platforms.Build.0 = Debug|Any CPU
		{EE4A10E7-92C3-4EAC-B6DF-5DA1C26F4D1D}.Debug|x86.ActiveCfg = Debug|Any CPU
		{EE4A10E7-92C3-4EAC-B6DF-5DA1C26F4D1D}.Release (SQL Server Only)|Any CPU.ActiveCfg = Release (SQL Server Only)|Any CPU
		{EE4A10E7-92C3-4EAC-B6DF-5DA1C26F4D1D}.Release (SQL Server Only)|Any CPU.Build.0 = Release (SQL Server Only)|Any CPU
		{EE4A10E7-92C3-4EAC-B6DF-5DA1C26F4D1D}.Release (SQL Server Only)|Mixed Platforms.ActiveCfg = Release (SQL Server Only)|Any CPU
		{EE4A10E7-92C3-4EAC-B6DF-5DA1C26F4D1D}.Release (SQL Server Only)|Mixed Platforms.Build.0 = Release (SQL Server Only)|Any CPU
		{EE4A10E7-92C3-4EAC-B6DF-5DA1C26F4D1D}.Release (SQL Server Only)|x86.ActiveCfg = Release (SQL Server Only)|Any CPU
		{EE4A10E7-92C3-4EAC-B6DF-5DA1C26F4D1D}.Release|Any CPU.ActiveCfg = Release|Any CPU
		{EE4A10E7-92C3-4EAC-B6DF-5DA1C26F4D1D}.Release|Any CPU.Build.0 = Release|Any CPU
		{EE4A10E7-92C3-4EAC-B6DF-5DA1C26F4D1D}.Release|Mixed Platforms.ActiveCfg = Release|Any CPU
		{EE4A10E7-92C3-4EAC-B6DF-5DA1C26F4D1D}.Release|Mixed Platforms.Build.0 = Release|Any CPU
		{EE4A10E7-92C3-4EAC-B6DF-5DA1C26F4D1D}.Release|x86.ActiveCfg = Release|Any CPU
		{2D70548E-EAFD-43B9-849E-14B1DF218341}.Debug (SQL Server Only)|Any CPU.ActiveCfg = Debug|x86
		{2D70548E-EAFD-43B9-849E-14B1DF218341}.Debug (SQL Server Only)|Mixed Platforms.ActiveCfg = Debug|x86
		{2D70548E-EAFD-43B9-849E-14B1DF218341}.Debug (SQL Server Only)|Mixed Platforms.Build.0 = Debug|x86
		{2D70548E-EAFD-43B9-849E-14B1DF218341}.Debug (SQL Server Only)|x86.ActiveCfg = Debug|x86
		{2D70548E-EAFD-43B9-849E-14B1DF218341}.Debug (SQL Server Only)|x86.Build.0 = Debug|x86
		{2D70548E-EAFD-43B9-849E-14B1DF218341}.Debug|Any CPU.ActiveCfg = Debug|x86
		{2D70548E-EAFD-43B9-849E-14B1DF218341}.Debug|Mixed Platforms.ActiveCfg = Debug|x86
		{2D70548E-EAFD-43B9-849E-14B1DF218341}.Debug|Mixed Platforms.Build.0 = Debug|x86
		{2D70548E-EAFD-43B9-849E-14B1DF218341}.Debug|x86.ActiveCfg = Debug|x86
		{2D70548E-EAFD-43B9-849E-14B1DF218341}.Debug|x86.Build.0 = Debug|x86
		{2D70548E-EAFD-43B9-849E-14B1DF218341}.Release (SQL Server Only)|Any CPU.ActiveCfg = Release|x86
		{2D70548E-EAFD-43B9-849E-14B1DF218341}.Release (SQL Server Only)|Mixed Platforms.ActiveCfg = Release|x86
		{2D70548E-EAFD-43B9-849E-14B1DF218341}.Release (SQL Server Only)|Mixed Platforms.Build.0 = Release|x86
		{2D70548E-EAFD-43B9-849E-14B1DF218341}.Release (SQL Server Only)|x86.ActiveCfg = Release|x86
		{2D70548E-EAFD-43B9-849E-14B1DF218341}.Release (SQL Server Only)|x86.Build.0 = Release|x86
		{2D70548E-EAFD-43B9-849E-14B1DF218341}.Release|Any CPU.ActiveCfg = Release|x86
		{2D70548E-EAFD-43B9-849E-14B1DF218341}.Release|Mixed Platforms.ActiveCfg = Release|x86
		{2D70548E-EAFD-43B9-849E-14B1DF218341}.Release|Mixed Platforms.Build.0 = Release|x86
		{2D70548E-EAFD-43B9-849E-14B1DF218341}.Release|x86.ActiveCfg = Release|x86
		{2D70548E-EAFD-43B9-849E-14B1DF218341}.Release|x86.Build.0 = Release|x86
		{46AF089A-474C-437A-BBD5-B72267D4A1F8}.Debug (SQL Server Only)|Any CPU.ActiveCfg = Debug|Any CPU
		{46AF089A-474C-437A-BBD5-B72267D4A1F8}.Debug (SQL Server Only)|Any CPU.Build.0 = Debug|Any CPU
		{46AF089A-474C-437A-BBD5-B72267D4A1F8}.Debug (SQL Server Only)|Mixed Platforms.ActiveCfg = Debug|Any CPU
		{46AF089A-474C-437A-BBD5-B72267D4A1F8}.Debug (SQL Server Only)|Mixed Platforms.Build.0 = Debug|Any CPU
		{46AF089A-474C-437A-BBD5-B72267D4A1F8}.Debug (SQL Server Only)|x86.ActiveCfg = Debug|Any CPU
		{46AF089A-474C-437A-BBD5-B72267D4A1F8}.Debug|Any CPU.ActiveCfg = Debug|Any CPU
		{46AF089A-474C-437A-BBD5-B72267D4A1F8}.Debug|Any CPU.Build.0 = Debug|Any CPU
		{46AF089A-474C-437A-BBD5-B72267D4A1F8}.Debug|Mixed Platforms.ActiveCfg = Debug|Any CPU
		{46AF089A-474C-437A-BBD5-B72267D4A1F8}.Debug|Mixed Platforms.Build.0 = Debug|Any CPU
		{46AF089A-474C-437A-BBD5-B72267D4A1F8}.Debug|x86.ActiveCfg = Debug|Any CPU
		{46AF089A-474C-437A-BBD5-B72267D4A1F8}.Release (SQL Server Only)|Any CPU.ActiveCfg = Release|Any CPU
		{46AF089A-474C-437A-BBD5-B72267D4A1F8}.Release (SQL Server Only)|Any CPU.Build.0 = Release|Any CPU
		{46AF089A-474C-437A-BBD5-B72267D4A1F8}.Release (SQL Server Only)|Mixed Platforms.ActiveCfg = Release|Any CPU
		{46AF089A-474C-437A-BBD5-B72267D4A1F8}.Release (SQL Server Only)|Mixed Platforms.Build.0 = Release|Any CPU
		{46AF089A-474C-437A-BBD5-B72267D4A1F8}.Release (SQL Server Only)|x86.ActiveCfg = Release|Any CPU
		{46AF089A-474C-437A-BBD5-B72267D4A1F8}.Release|Any CPU.ActiveCfg = Release|Any CPU
		{46AF089A-474C-437A-BBD5-B72267D4A1F8}.Release|Any CPU.Build.0 = Release|Any CPU
		{46AF089A-474C-437A-BBD5-B72267D4A1F8}.Release|Mixed Platforms.ActiveCfg = Release|Any CPU
		{46AF089A-474C-437A-BBD5-B72267D4A1F8}.Release|Mixed Platforms.Build.0 = Release|Any CPU
		{46AF089A-474C-437A-BBD5-B72267D4A1F8}.Release|x86.ActiveCfg = Release|Any CPU
		{4D629A8A-366E-4A6B-8A87-18CDC7A64813}.Debug (SQL Server Only)|Any CPU.ActiveCfg = Debug|Any CPU
		{4D629A8A-366E-4A6B-8A87-18CDC7A64813}.Debug (SQL Server Only)|Any CPU.Build.0 = Debug|Any CPU
		{4D629A8A-366E-4A6B-8A87-18CDC7A64813}.Debug (SQL Server Only)|Mixed Platforms.ActiveCfg = Debug|Any CPU
		{4D629A8A-366E-4A6B-8A87-18CDC7A64813}.Debug (SQL Server Only)|Mixed Platforms.Build.0 = Debug|Any CPU
		{4D629A8A-366E-4A6B-8A87-18CDC7A64813}.Debug (SQL Server Only)|x86.ActiveCfg = Debug|Any CPU
		{4D629A8A-366E-4A6B-8A87-18CDC7A64813}.Debug|Any CPU.ActiveCfg = Debug|Any CPU
		{4D629A8A-366E-4A6B-8A87-18CDC7A64813}.Debug|Any CPU.Build.0 = Debug|Any CPU
		{4D629A8A-366E-4A6B-8A87-18CDC7A64813}.Debug|Mixed Platforms.ActiveCfg = Debug|Any CPU
		{4D629A8A-366E-4A6B-8A87-18CDC7A64813}.Debug|Mixed Platforms.Build.0 = Debug|Any CPU
		{4D629A8A-366E-4A6B-8A87-18CDC7A64813}.Debug|x86.ActiveCfg = Debug|Any CPU
		{4D629A8A-366E-4A6B-8A87-18CDC7A64813}.Release (SQL Server Only)|Any CPU.ActiveCfg = Release|Any CPU
		{4D629A8A-366E-4A6B-8A87-18CDC7A64813}.Release (SQL Server Only)|Any CPU.Build.0 = Release|Any CPU
		{4D629A8A-366E-4A6B-8A87-18CDC7A64813}.Release (SQL Server Only)|Mixed Platforms.ActiveCfg = Release|Any CPU
		{4D629A8A-366E-4A6B-8A87-18CDC7A64813}.Release (SQL Server Only)|Mixed Platforms.Build.0 = Release|Any CPU
		{4D629A8A-366E-4A6B-8A87-18CDC7A64813}.Release (SQL Server Only)|x86.ActiveCfg = Release|Any CPU
		{4D629A8A-366E-4A6B-8A87-18CDC7A64813}.Release|Any CPU.ActiveCfg = Release|Any CPU
		{4D629A8A-366E-4A6B-8A87-18CDC7A64813}.Release|Any CPU.Build.0 = Release|Any CPU
		{4D629A8A-366E-4A6B-8A87-18CDC7A64813}.Release|Mixed Platforms.ActiveCfg = Release|Any CPU
		{4D629A8A-366E-4A6B-8A87-18CDC7A64813}.Release|Mixed Platforms.Build.0 = Release|Any CPU
		{4D629A8A-366E-4A6B-8A87-18CDC7A64813}.Release|x86.ActiveCfg = Release|Any CPU
	EndGlobalSection
	GlobalSection(SolutionProperties) = preSolution
		HideSolutionNode = FALSE
	EndGlobalSection
EndGlobal
